
Microsoft Visual Studio Solution File, Format Version 12.00
# Visual Studio Version 17
VisualStudioVersion = 17.0.31903.59
MinimumVisualStudioVersion = 10.0.40219.1
Project("{9A19103F-16F7-4668-BE54-9A1E7A4F7556}") = "CoreFramework", "CoreFramework\CoreFramework.csproj", "{C6097288-B16B-49E2-AE2F-5F202E71CC6C}"
EndProject
Project("{9A19103F-16F7-4668-BE54-9A1E7A4F7556}") = "TestProject", "TestProject\TestProject.csproj", "{95B6695C-E9A8-4605-88C5-4785FD214ED4}"
EndProject
Global
	GlobalSection(SolutionConfigurationPlatforms) = preSolution
		Debug|Any CPU = Debug|Any CPU
		Release|Any CPU = Release|Any CPU
	EndGlobalSection
	GlobalSection(ProjectConfigurationPlatforms) = postSolution
		{C6097288-B16B-49E2-AE2F-5F202E71CC6C}.Debug|Any CPU.ActiveCfg = Debug|Any CPU
		{C6097288-B16B-49E2-AE2F-5F202E71CC6C}.Debug|Any CPU.Build.0 = Debug|Any CPU
		{C6097288-B16B-49E2-AE2F-5F202E71CC6C}.Release|Any CPU.ActiveCfg = Release|Any CPU
		{C6097288-B16B-49E2-AE2F-5F202E71CC6C}.Release|Any CPU.Build.0 = Release|Any CPU
		{95B6695C-E9A8-4605-88C5-4785FD214ED4}.Debug|Any CPU.ActiveCfg = Debug|Any CPU
		{95B6695C-E9A8-4605-88C5-4785FD214ED4}.Debug|Any CPU.Build.0 = Debug|Any CPU
		{95B6695C-E9A8-4605-88C5-4785FD214ED4}.Release|Any CPU.ActiveCfg = Release|Any CPU
		{95B6695C-E9A8-4605-88C5-4785FD214ED4}.Release|Any CPU.Build.0 = Release|Any CPU
	EndGlobalSection
	GlobalSection(SolutionProperties) = preSolution
		HideSolutionNode = FALSE
	EndGlobalSection
	GlobalSection(ExtensibilityGlobals) = postSolution
		SolutionGuid = {A71AAE33-05C7-4C0C-8481-AEB87381C51F}
	EndGlobalSection
EndGlobal
